
Microsoft Visual Studio Solution File, Format Version 12.00
# Visual Studio Version 16
VisualStudioVersion = 16.0.29123.88
MinimumVisualStudioVersion = 10.0.40219.1
Project("{8BC9CEB8-8B4A-11D0-8D11-00A0C91BC942}") = "SnakeConsole", "SnakeConsole\SnakeConsole.vcxproj", "{55895BAC-3BC9-4DE1-9FC4-0A5417C19577}"
EndProject
Global
	GlobalSection(SolutionConfigurationPlatforms) = preSolution
		Debug|x64 = Debug|x64
		Debug|x86 = Debug|x86
		Release|x64 = Release|x64
		Release|x86 = Release|x86
	EndGlobalSection
	GlobalSection(ProjectConfigurationPlatforms) = postSolution
		{55895BAC-3BC9-4DE1-9FC4-0A5417C19577}.Debug|x64.ActiveCfg = Debug|x64
		{55895BAC-3BC9-4DE1-9FC4-0A5417C19577}.Debug|x64.Build.0 = Debug|x64
		{55895BAC-3BC9-4DE1-9FC4-0A5417C19577}.Debug|x86.ActiveCfg = Debug|Win32
		{55895BAC-3BC9-4DE1-9FC4-0A5417C19577}.Debug|x86.Build.0 = Debug|Win32
		{55895BAC-3BC9-4DE1-9FC4-0A5417C19577}.Release|x64.ActiveCfg = Release|x64
		{55895BAC-3BC9-4DE1-9FC4-0A5417C19577}.Release|x64.Build.0 = Release|x64
		{55895BAC-3BC9-4DE1-9FC4-0A5417C19577}.Release|x86.ActiveCfg = Release|Win32
		{55895BAC-3BC9-4DE1-9FC4-0A5417C19577}.Release|x86.Build.0 = Release|Win32
	EndGlobalSection
	GlobalSection(SolutionProperties) = preSolution
		HideSolutionNode = FALSE
	EndGlobalSection
	GlobalSection(ExtensibilityGlobals) = postSolution
		SolutionGuid = {9B183CF7-68F6-49EB-992C-BE1AE3E906F9}
	EndGlobalSection
EndGlobal
